// !$*UTF8*$!
{
	archiveVersion = 1;
	classes = {
	};
	objectVersion = 46;
	objects = {

/* Begin PBXBuildFile section */
		417239821EB7E83200C5EF1B /* AppDelegate.swift in Sources */ = {isa = PBXBuildFile; fileRef = 417239811EB7E83200C5EF1B /* AppDelegate.swift */; };
		417239841EB7E83200C5EF1B /* ViewController.swift in Sources */ = {isa = PBXBuildFile; fileRef = 417239831EB7E83200C5EF1B /* ViewController.swift */; };
		417239871EB7E83200C5EF1B /* Main.storyboard in Resources */ = {isa = PBXBuildFile; fileRef = 417239851EB7E83200C5EF1B /* Main.storyboard */; };
		417239891EB7E83200C5EF1B /* Assets.xcassets in Resources */ = {isa = PBXBuildFile; fileRef = 417239881EB7E83200C5EF1B /* Assets.xcassets */; };
		4172398C1EB7E83200C5EF1B /* LaunchScreen.storyboard in Resources */ = {isa = PBXBuildFile; fileRef = 4172398A1EB7E83200C5EF1B /* LaunchScreen.storyboard */; };
		417239971EB7E83200C5EF1B /* scopieTests.swift in Sources */ = {isa = PBXBuildFile; fileRef = 417239961EB7E83200C5EF1B /* scopieTests.swift */; };
		417239A21EB7E83200C5EF1B /* scopieUITests.swift in Sources */ = {isa = PBXBuildFile; fileRef = 417239A11EB7E83200C5EF1B /* scopieUITests.swift */; };
/* End PBXBuildFile section */

/* Begin PBXContainerItemProxy section */
		417239931EB7E83200C5EF1B /* PBXContainerItemProxy */ = {
			isa = PBXContainerItemProxy;
			containerPortal = 417239761EB7E83200C5EF1B /* Project object */;
			proxyType = 1;
			remoteGlobalIDString = 4172397D1EB7E83200C5EF1B;
			remoteInfo = scopie;
		};
		4172399E1EB7E83200C5EF1B /* PBXContainerItemProxy */ = {
			isa = PBXContainerItemProxy;
			containerPortal = 417239761EB7E83200C5EF1B /* Project object */;
			proxyType = 1;
			remoteGlobalIDString = 4172397D1EB7E83200C5EF1B;
			remoteInfo = scopie;
		};
/* End PBXContainerItemProxy section */

/* Begin PBXFileReference section */
		4172397E1EB7E83200C5EF1B /* scopie.app */ = {isa = PBXFileReference; explicitFileType = wrapper.application; includeInIndex = 0; path = scopie.app; sourceTree = BUILT_PRODUCTS_DIR; };
		417239811EB7E83200C5EF1B /* AppDelegate.swift */ = {isa = PBXFileReference; lastKnownFileType = sourcecode.swift; path = AppDelegate.swift; sourceTree = "<group>"; };
		417239831EB7E83200C5EF1B /* ViewController.swift */ = {isa = PBXFileReference; lastKnownFileType = sourcecode.swift; path = ViewController.swift; sourceTree = "<group>"; };
		417239861EB7E83200C5EF1B /* Base */ = {isa = PBXFileReference; lastKnownFileType = file.storyboard; name = Base; path = Base.lproj/Main.storyboard; sourceTree = "<group>"; };
		417239881EB7E83200C5EF1B /* Assets.xcassets */ = {isa = PBXFileReference; lastKnownFileType = folder.assetcatalog; path = Assets.xcassets; sourceTree = "<group>"; };
		4172398B1EB7E83200C5EF1B /* Base */ = {isa = PBXFileReference; lastKnownFileType = file.storyboard; name = Base; path = Base.lproj/LaunchScreen.storyboard; sourceTree = "<group>"; };
		4172398D1EB7E83200C5EF1B /* Info.plist */ = {isa = PBXFileReference; lastKnownFileType = text.plist.xml; path = Info.plist; sourceTree = "<group>"; };
		417239921EB7E83200C5EF1B /* scopieTests.xctest */ = {isa = PBXFileReference; explicitFileType = wrapper.cfbundle; includeInIndex = 0; path = scopieTests.xctest; sourceTree = BUILT_PRODUCTS_DIR; };
		417239961EB7E83200C5EF1B /* scopieTests.swift */ = {isa = PBXFileReference; lastKnownFileType = sourcecode.swift; path = scopieTests.swift; sourceTree = "<group>"; };
		417239981EB7E83200C5EF1B /* Info.plist */ = {isa = PBXFileReference; lastKnownFileType = text.plist.xml; path = Info.plist; sourceTree = "<group>"; };
		4172399D1EB7E83200C5EF1B /* scopieUITests.xctest */ = {isa = PBXFileReference; explicitFileType = wrapper.cfbundle; includeInIndex = 0; path = scopieUITests.xctest; sourceTree = BUILT_PRODUCTS_DIR; };
		417239A11EB7E83200C5EF1B /* scopieUITests.swift */ = {isa = PBXFileReference; lastKnownFileType = sourcecode.swift; path = scopieUITests.swift; sourceTree = "<group>"; };
		417239A31EB7E83200C5EF1B /* Info.plist */ = {isa = PBXFileReference; lastKnownFileType = text.plist.xml; path = Info.plist; sourceTree = "<group>"; };
/* End PBXFileReference section */

/* Begin PBXFrameworksBuildPhase section */
		4172397B1EB7E83200C5EF1B /* Frameworks */ = {
			isa = PBXFrameworksBuildPhase;
			buildActionMask = 2147483647;
			files = (
			);
			runOnlyForDeploymentPostprocessing = 0;
		};
		4172398F1EB7E83200C5EF1B /* Frameworks */ = {
			isa = PBXFrameworksBuildPhase;
			buildActionMask = 2147483647;
			files = (
			);
			runOnlyForDeploymentPostprocessing = 0;
		};
		4172399A1EB7E83200C5EF1B /* Frameworks */ = {
			isa = PBXFrameworksBuildPhase;
			buildActionMask = 2147483647;
			files = (
			);
			runOnlyForDeploymentPostprocessing = 0;
		};
/* End PBXFrameworksBuildPhase section */

/* Begin PBXGroup section */
		417239751EB7E83200C5EF1B = {
			isa = PBXGroup;
			children = (
				417239801EB7E83200C5EF1B /* scopie */,
				417239951EB7E83200C5EF1B /* scopieTests */,
				417239A01EB7E83200C5EF1B /* scopieUITests */,
				4172397F1EB7E83200C5EF1B /* Products */,
			);
			sourceTree = "<group>";
		};
		4172397F1EB7E83200C5EF1B /* Products */ = {
			isa = PBXGroup;
			children = (
				4172397E1EB7E83200C5EF1B /* scopie.app */,
				417239921EB7E83200C5EF1B /* scopieTests.xctest */,
				4172399D1EB7E83200C5EF1B /* scopieUITests.xctest */,
			);
			name = Products;
			sourceTree = "<group>";
		};
		417239801EB7E83200C5EF1B /* scopie */ = {
			isa = PBXGroup;
			children = (
				417239811EB7E83200C5EF1B /* AppDelegate.swift */,
				417239831EB7E83200C5EF1B /* ViewController.swift */,
				417239851EB7E83200C5EF1B /* Main.storyboard */,
				417239881EB7E83200C5EF1B /* Assets.xcassets */,
				4172398A1EB7E83200C5EF1B /* LaunchScreen.storyboard */,
				4172398D1EB7E83200C5EF1B /* Info.plist */,
			);
			path = scopie;
			sourceTree = "<group>";
		};
		417239951EB7E83200C5EF1B /* scopieTests */ = {
			isa = PBXGroup;
			children = (
				417239961EB7E83200C5EF1B /* scopieTests.swift */,
				417239981EB7E83200C5EF1B /* Info.plist */,
			);
			path = scopieTests;
			sourceTree = "<group>";
		};
		417239A01EB7E83200C5EF1B /* scopieUITests */ = {
			isa = PBXGroup;
			children = (
				417239A11EB7E83200C5EF1B /* scopieUITests.swift */,
				417239A31EB7E83200C5EF1B /* Info.plist */,
			);
			path = scopieUITests;
			sourceTree = "<group>";
		};
/* End PBXGroup section */

/* Begin PBXNativeTarget section */
		4172397D1EB7E83200C5EF1B /* scopie */ = {
			isa = PBXNativeTarget;
			buildConfigurationList = 417239A61EB7E83200C5EF1B /* Build configuration list for PBXNativeTarget "scopie" */;
			buildPhases = (
				4172397A1EB7E83200C5EF1B /* Sources */,
				4172397B1EB7E83200C5EF1B /* Frameworks */,
				4172397C1EB7E83200C5EF1B /* Resources */,
			);
			buildRules = (
			);
			dependencies = (
			);
			name = scopie;
			productName = scopie;
			productReference = 4172397E1EB7E83200C5EF1B /* scopie.app */;
			productType = "com.apple.product-type.application";
		};
		417239911EB7E83200C5EF1B /* scopieTests */ = {
			isa = PBXNativeTarget;
			buildConfigurationList = 417239A91EB7E83200C5EF1B /* Build configuration list for PBXNativeTarget "scopieTests" */;
			buildPhases = (
				4172398E1EB7E83200C5EF1B /* Sources */,
				4172398F1EB7E83200C5EF1B /* Frameworks */,
				417239901EB7E83200C5EF1B /* Resources */,
			);
			buildRules = (
			);
			dependencies = (
				417239941EB7E83200C5EF1B /* PBXTargetDependency */,
			);
			name = scopieTests;
			productName = scopieTests;
			productReference = 417239921EB7E83200C5EF1B /* scopieTests.xctest */;
			productType = "com.apple.product-type.bundle.unit-test";
		};
		4172399C1EB7E83200C5EF1B /* scopieUITests */ = {
			isa = PBXNativeTarget;
			buildConfigurationList = 417239AC1EB7E83200C5EF1B /* Build configuration list for PBXNativeTarget "scopieUITests" */;
			buildPhases = (
				417239991EB7E83200C5EF1B /* Sources */,
				4172399A1EB7E83200C5EF1B /* Frameworks */,
				4172399B1EB7E83200C5EF1B /* Resources */,
			);
			buildRules = (
			);
			dependencies = (
				4172399F1EB7E83200C5EF1B /* PBXTargetDependency */,
			);
			name = scopieUITests;
			productName = scopieUITests;
			productReference = 4172399D1EB7E83200C5EF1B /* scopieUITests.xctest */;
			productType = "com.apple.product-type.bundle.ui-testing";
		};
/* End PBXNativeTarget section */

/* Begin PBXProject section */
		417239761EB7E83200C5EF1B /* Project object */ = {
			isa = PBXProject;
			attributes = {
				LastSwiftUpdateCheck = 0830;
				LastUpgradeCheck = 0830;
				ORGANIZATIONNAME = "Jeffrey Swanson";
				TargetAttributes = {
					4172397D1EB7E83200C5EF1B = {
						CreatedOnToolsVersion = 8.3.2;
						DevelopmentTeam = 4BPBWM9E57;
						ProvisioningStyle = Automatic;
					};
					417239911EB7E83200C5EF1B = {
						CreatedOnToolsVersion = 8.3.2;
						DevelopmentTeam = 4BPBWM9E57;
						ProvisioningStyle = Automatic;
						TestTargetID = 4172397D1EB7E83200C5EF1B;
					};
					4172399C1EB7E83200C5EF1B = {
						CreatedOnToolsVersion = 8.3.2;
						DevelopmentTeam = 4BPBWM9E57;
						ProvisioningStyle = Automatic;
						TestTargetID = 4172397D1EB7E83200C5EF1B;
					};
				};
			};
			buildConfigurationList = 417239791EB7E83200C5EF1B /* Build configuration list for PBXProject "scopie" */;
			compatibilityVersion = "Xcode 3.2";
			developmentRegion = English;
			hasScannedForEncodings = 0;
			knownRegions = (
				en,
				Base,
			);
			mainGroup = 417239751EB7E83200C5EF1B;
			productRefGroup = 4172397F1EB7E83200C5EF1B /* Products */;
			projectDirPath = "";
			projectRoot = "";
			targets = (
				4172397D1EB7E83200C5EF1B /* scopie */,
				417239911EB7E83200C5EF1B /* scopieTests */,
				4172399C1EB7E83200C5EF1B /* scopieUITests */,
			);
		};
/* End PBXProject section */

/* Begin PBXResourcesBuildPhase section */
		4172397C1EB7E83200C5EF1B /* Resources */ = {
			isa = PBXResourcesBuildPhase;
			buildActionMask = 2147483647;
			files = (
				4172398C1EB7E83200C5EF1B /* LaunchScreen.storyboard in Resources */,
				417239891EB7E83200C5EF1B /* Assets.xcassets in Resources */,
				417239871EB7E83200C5EF1B /* Main.storyboard in Resources */,
			);
			runOnlyForDeploymentPostprocessing = 0;
		};
		417239901EB7E83200C5EF1B /* Resources */ = {
			isa = PBXResourcesBuildPhase;
			buildActionMask = 2147483647;
			files = (
			);
			runOnlyForDeploymentPostprocessing = 0;
		};
		4172399B1EB7E83200C5EF1B /* Resources */ = {
			isa = PBXResourcesBuildPhase;
			buildActionMask = 2147483647;
			files = (
			);
			runOnlyForDeploymentPostprocessing = 0;
		};
/* End PBXResourcesBuildPhase section */

/* Begin PBXSourcesBuildPhase section */
		4172397A1EB7E83200C5EF1B /* Sources */ = {
			isa = PBXSourcesBuildPhase;
			buildActionMask = 2147483647;
			files = (
				417239841EB7E83200C5EF1B /* ViewController.swift in Sources */,
				417239821EB7E83200C5EF1B /* AppDelegate.swift in Sources */,
			);
			runOnlyForDeploymentPostprocessing = 0;
		};
		4172398E1EB7E83200C5EF1B /* Sources */ = {
			isa = PBXSourcesBuildPhase;
			buildActionMask = 2147483647;
			files = (
				417239971EB7E83200C5EF1B /* scopieTests.swift in Sources */,
			);
			runOnlyForDeploymentPostprocessing = 0;
		};
		417239991EB7E83200C5EF1B /* Sources */ = {
			isa = PBXSourcesBuildPhase;
			buildActionMask = 2147483647;
			files = (
				417239A21EB7E83200C5EF1B /* scopieUITests.swift in Sources */,
			);
			runOnlyForDeploymentPostprocessing = 0;
		};
/* End PBXSourcesBuildPhase section */

/* Begin PBXTargetDependency section */
		417239941EB7E83200C5EF1B /* PBXTargetDependency */ = {
			isa = PBXTargetDependency;
			target = 4172397D1EB7E83200C5EF1B /* scopie */;
			targetProxy = 417239931EB7E83200C5EF1B /* PBXContainerItemProxy */;
		};
		4172399F1EB7E83200C5EF1B /* PBXTargetDependency */ = {
			isa = PBXTargetDependency;
			target = 4172397D1EB7E83200C5EF1B /* scopie */;
			targetProxy = 4172399E1EB7E83200C5EF1B /* PBXContainerItemProxy */;
		};
/* End PBXTargetDependency section */

/* Begin PBXVariantGroup section */
		417239851EB7E83200C5EF1B /* Main.storyboard */ = {
			isa = PBXVariantGroup;
			children = (
				417239861EB7E83200C5EF1B /* Base */,
			);
			name = Main.storyboard;
			sourceTree = "<group>";
		};
		4172398A1EB7E83200C5EF1B /* LaunchScreen.storyboard */ = {
			isa = PBXVariantGroup;
			children = (
				4172398B1EB7E83200C5EF1B /* Base */,
			);
			name = LaunchScreen.storyboard;
			sourceTree = "<group>";
		};
/* End PBXVariantGroup section */

/* Begin XCBuildConfiguration section */
		417239A41EB7E83200C5EF1B /* Debug */ = {
			isa = XCBuildConfiguration;
			buildSettings = {
				ALWAYS_SEARCH_USER_PATHS = NO;
				CLANG_ANALYZER_NONNULL = YES;
				CLANG_ANALYZER_NUMBER_OBJECT_CONVERSION = YES_AGGRESSIVE;
				CLANG_CXX_LANGUAGE_STANDARD = "gnu++0x";
				CLANG_CXX_LIBRARY = "libc++";
				CLANG_ENABLE_MODULES = YES;
				CLANG_ENABLE_OBJC_ARC = YES;
				CLANG_WARN_BOOL_CONVERSION = YES;
				CLANG_WARN_CONSTANT_CONVERSION = YES;
				CLANG_WARN_DIRECT_OBJC_ISA_USAGE = YES_ERROR;
				CLANG_WARN_DOCUMENTATION_COMMENTS = YES;
				CLANG_WARN_EMPTY_BODY = YES;
				CLANG_WARN_ENUM_CONVERSION = YES;
				CLANG_WARN_INFINITE_RECURSION = YES;
				CLANG_WARN_INT_CONVERSION = YES;
				CLANG_WARN_OBJC_ROOT_CLASS = YES_ERROR;
				CLANG_WARN_SUSPICIOUS_MOVE = YES;
				CLANG_WARN_UNREACHABLE_CODE = YES;
				CLANG_WARN__DUPLICATE_METHOD_MATCH = YES;
				"CODE_SIGN_IDENTITY[sdk=iphoneos*]" = "iPhone Developer";
				COPY_PHASE_STRIP = NO;
				DEBUG_INFORMATION_FORMAT = dwarf;
				ENABLE_STRICT_OBJC_MSGSEND = YES;
				ENABLE_TESTABILITY = YES;
				GCC_C_LANGUAGE_STANDARD = gnu99;
				GCC_DYNAMIC_NO_PIC = NO;
				GCC_NO_COMMON_BLOCKS = YES;
				GCC_OPTIMIZATION_LEVEL = 0;
				GCC_PREPROCESSOR_DEFINITIONS = (
					"DEBUG=1",
					"$(inherited)",
				);
				GCC_WARN_64_TO_32_BIT_CONVERSION = YES;
				GCC_WARN_ABOUT_RETURN_TYPE = YES_ERROR;
				GCC_WARN_UNDECLARED_SELECTOR = YES;
				GCC_WARN_UNINITIALIZED_AUTOS = YES_AGGRESSIVE;
				GCC_WARN_UNUSED_FUNCTION = YES;
				GCC_WARN_UNUSED_VARIABLE = YES;
				IPHONEOS_DEPLOYMENT_TARGET = 10.3;
				MTL_ENABLE_DEBUG_INFO = YES;
				ONLY_ACTIVE_ARCH = YES;
				SDKROOT = iphoneos;
				SWIFT_ACTIVE_COMPILATION_CONDITIONS = DEBUG;
				SWIFT_OPTIMIZATION_LEVEL = "-Onone";
			};
			name = Debug;
		};
		417239A51EB7E83200C5EF1B /* Release */ = {
			isa = XCBuildConfiguration;
			buildSettings = {
				ALWAYS_SEARCH_USER_PATHS = NO;
				CLANG_ANALYZER_NONNULL = YES;
				CLANG_ANALYZER_NUMBER_OBJECT_CONVERSION = YES_AGGRESSIVE;
				CLANG_CXX_LANGUAGE_STANDARD = "gnu++0x";
				CLANG_CXX_LIBRARY = "libc++";
				CLANG_ENABLE_MODULES = YES;
				CLANG_ENABLE_OBJC_ARC = YES;
				CLANG_WARN_BOOL_CONVERSION = YES;
				CLANG_WARN_CONSTANT_CONVERSION = YES;
				CLANG_WARN_DIRECT_OBJC_ISA_USAGE = YES_ERROR;
				CLANG_WARN_DOCUMENTATION_COMMENTS = YES;
				CLANG_WARN_EMPTY_BODY = YES;
				CLANG_WARN_ENUM_CONVERSION = YES;
				CLANG_WARN_INFINITE_RECURSION = YES;
				CLANG_WARN_INT_CONVERSION = YES;
				CLANG_WARN_OBJC_ROOT_CLASS = YES_ERROR;
				CLANG_WARN_SUSPICIOUS_MOVE = YES;
				CLANG_WARN_UNREACHABLE_CODE = YES;
				CLANG_WARN__DUPLICATE_METHOD_MATCH = YES;
				"CODE_SIGN_IDENTITY[sdk=iphoneos*]" = "iPhone Developer";
				COPY_PHASE_STRIP = NO;
				DEBUG_INFORMATION_FORMAT = "dwarf-with-dsym";
				ENABLE_NS_ASSERTIONS = NO;
				ENABLE_STRICT_OBJC_MSGSEND = YES;
				GCC_C_LANGUAGE_STANDARD = gnu99;
				GCC_NO_COMMON_BLOCKS = YES;
				GCC_WARN_64_TO_32_BIT_CONVERSION = YES;
				GCC_WARN_ABOUT_RETURN_TYPE = YES_ERROR;
				GCC_WARN_UNDECLARED_SELECTOR = YES;
				GCC_WARN_UNINITIALIZED_AUTOS = YES_AGGRESSIVE;
				GCC_WARN_UNUSED_FUNCTION = YES;
				GCC_WARN_UNUSED_VARIABLE = YES;
				IPHONEOS_DEPLOYMENT_TARGET = 10.3;
				MTL_ENABLE_DEBUG_INFO = NO;
				SDKROOT = iphoneos;
				SWIFT_OPTIMIZATION_LEVEL = "-Owholemodule";
				VALIDATE_PRODUCT = YES;
			};
			name = Release;
		};
		417239A71EB7E83200C5EF1B /* Debug */ = {
			isa = XCBuildConfiguration;
			buildSettings = {
				ASSETCATALOG_COMPILER_APPICON_NAME = AppIcon;
				DEVELOPMENT_TEAM = 4BPBWM9E57;
				INFOPLIST_FILE = scopie/Info.plist;
				LD_RUNPATH_SEARCH_PATHS = "$(inherited) @executable_path/Frameworks";
				PRODUCT_BUNDLE_IDENTIFIER = com.readyboard.scopie;
				PRODUCT_NAME = "$(TARGET_NAME)";
				SWIFT_VERSION = 3.0;
			};
			name = Debug;
		};
		417239A81EB7E83200C5EF1B /* Release */ = {
			isa = XCBuildConfiguration;
			buildSettings = {
				ASSETCATALOG_COMPILER_APPICON_NAME = AppIcon;
				DEVELOPMENT_TEAM = 4BPBWM9E57;
				INFOPLIST_FILE = scopie/Info.plist;
				LD_RUNPATH_SEARCH_PATHS = "$(inherited) @executable_path/Frameworks";
				PRODUCT_BUNDLE_IDENTIFIER = com.readyboard.scopie;
				PRODUCT_NAME = "$(TARGET_NAME)";
				SWIFT_VERSION = 3.0;
			};
			name = Release;
		};
		417239AA1EB7E83200C5EF1B /* Debug */ = {
			isa = XCBuildConfiguration;
			buildSettings = {
				ALWAYS_EMBED_SWIFT_STANDARD_LIBRARIES = YES;
				BUNDLE_LOADER = "$(TEST_HOST)";
				DEVELOPMENT_TEAM = 4BPBWM9E57;
				INFOPLIST_FILE = scopieTests/Info.plist;
				LD_RUNPATH_SEARCH_PATHS = "$(inherited) @executable_path/Frameworks @loader_path/Frameworks";
				PRODUCT_BUNDLE_IDENTIFIER = com.readyboard.scopieTests;
				PRODUCT_NAME = "$(TARGET_NAME)";
				SWIFT_VERSION = 3.0;
				TEST_HOST = "$(BUILT_PRODUCTS_DIR)/scopie.app/scopie";
			};
			name = Debug;
		};
		417239AB1EB7E83200C5EF1B /* Release */ = {
			isa = XCBuildConfiguration;
			buildSettings = {
				ALWAYS_EMBED_SWIFT_STANDARD_LIBRARIES = YES;
				BUNDLE_LOADER = "$(TEST_HOST)";
				DEVELOPMENT_TEAM = 4BPBWM9E57;
				INFOPLIST_FILE = scopieTests/Info.plist;
				LD_RUNPATH_SEARCH_PATHS = "$(inherited) @executable_path/Frameworks @loader_path/Frameworks";
				PRODUCT_BUNDLE_IDENTIFIER = com.readyboard.scopieTests;
				PRODUCT_NAME = "$(TARGET_NAME)";
				SWIFT_VERSION = 3.0;
				TEST_HOST = "$(BUILT_PRODUCTS_DIR)/scopie.app/scopie";
			};
			name = Release;
		};
		417239AD1EB7E83200C5EF1B /* Debug */ = {
			isa = XCBuildConfiguration;
			buildSettings = {
				ALWAYS_EMBED_SWIFT_STANDARD_LIBRARIES = YES;
				DEVELOPMENT_TEAM = 4BPBWM9E57;
				INFOPLIST_FILE = scopieUITests/Info.plist;
				LD_RUNPATH_SEARCH_PATHS = "$(inherited) @executable_path/Frameworks @loader_path/Frameworks";
				PRODUCT_BUNDLE_IDENTIFIER = com.readyboard.scopieUITests;
				PRODUCT_NAME = "$(TARGET_NAME)";
				SWIFT_VERSION = 3.0;
				TEST_TARGET_NAME = scopie;
			};
			name = Debug;
		};
		417239AE1EB7E83200C5EF1B /* Release */ = {
			isa = XCBuildConfiguration;
			buildSettings = {
				ALWAYS_EMBED_SWIFT_STANDARD_LIBRARIES = YES;
				DEVELOPMENT_TEAM = 4BPBWM9E57;
				INFOPLIST_FILE = scopieUITests/Info.plist;
				LD_RUNPATH_SEARCH_PATHS = "$(inherited) @executable_path/Frameworks @loader_path/Frameworks";
				PRODUCT_BUNDLE_IDENTIFIER = com.readyboard.scopieUITests;
				PRODUCT_NAME = "$(TARGET_NAME)";
				SWIFT_VERSION = 3.0;
				TEST_TARGET_NAME = scopie;
			};
			name = Release;
		};
/* End XCBuildConfiguration section */

/* Begin XCConfigurationList section */
		417239791EB7E83200C5EF1B /* Build configuration list for PBXProject "scopie" */ = {
			isa = XCConfigurationList;
			buildConfigurations = (
				417239A41EB7E83200C5EF1B /* Debug */,
				417239A51EB7E83200C5EF1B /* Release */,
			);
			defaultConfigurationIsVisible = 0;
			defaultConfigurationName = Release;
		};
		417239A61EB7E83200C5EF1B /* Build configuration list for PBXNativeTarget "scopie" */ = {
			isa = XCConfigurationList;
			buildConfigurations = (
				417239A71EB7E83200C5EF1B /* Debug */,
				417239A81EB7E83200C5EF1B /* Release */,
			);
			defaultConfigurationIsVisible = 0;
			defaultConfigurationName = Release;
		};
		417239A91EB7E83200C5EF1B /* Build configuration list for PBXNativeTarget "scopieTests" */ = {
			isa = XCConfigurationList;
			buildConfigurations = (
				417239AA1EB7E83200C5EF1B /* Debug */,
				417239AB1EB7E83200C5EF1B /* Release */,
			);
			defaultConfigurationIsVisible = 0;
			defaultConfigurationName = Release;
		};
		417239AC1EB7E83200C5EF1B /* Build configuration list for PBXNativeTarget "scopieUITests" */ = {
			isa = XCConfigurationList;
			buildConfigurations = (
				417239AD1EB7E83200C5EF1B /* Debug */,
				417239AE1EB7E83200C5EF1B /* Release */,
			);
			defaultConfigurationIsVisible = 0;
			defaultConfigurationName = Release;
		};
/* End XCConfigurationList section */
	};
	rootObject = 417239761EB7E83200C5EF1B /* Project object */;
}
